{
  "name": "tek830_hemsida",
  "lockfileVersion": 3,
  "requires": true,
  "packages": {
    "": {
      "dependencies": {
        "react-tooltip": "^5.28.0"
      }
    },
    "node_modules/@floating-ui/core": {
      "version": "1.6.8",
      "resolved": "https://registry.npmjs.org/@floating-ui/core/-/core-1.6.8.tgz",
      "integrity": "sha512-7XJ9cPU+yI2QeLS+FCSlqNFZJq8arvswefkZrYI1yQBbftw6FyrZOxYSh+9S7z7TpeWlRt9zJ5IhM1WIL334jA==",
      "license": "MIT",
      "dependencies": {
        "@floating-ui/utils": "^0.2.8"
      }
    },
    "node_modules/@floating-ui/dom": {
      "version": "1.6.11",
      "resolved": "https://registry.npmjs.org/@floating-ui/dom/-/dom-1.6.11.tgz",
      "integrity": "sha512-qkMCxSR24v2vGkhYDo/UzxfJN3D4syqSjyuTFz6C7XcpU1pASPRieNI0Kj5VP3/503mOfYiGY891ugBX1GlABQ==",
      "license": "MIT",
      "dependencies": {
        "@floating-ui/core": "^1.6.0",
        "@floating-ui/utils": "^0.2.8"
      }
    },
    "node_modules/@floating-ui/utils": {
      "version": "0.2.8",
      "resolved": "https://registry.npmjs.org/@floating-ui/utils/-/utils-0.2.8.tgz",
      "integrity": "sha512-kym7SodPp8/wloecOpcmSnWJsK7M0E5Wg8UcFA+uO4B9s5d0ywXOEro/8HM9x0rW+TljRzul/14UYz3TleT3ig==",
      "license": "MIT"
    },
    "node_modules/classnames": {
      "version": "2.5.1",
      "resolved": "https://registry.npmjs.org/classnames/-/classnames-2.5.1.tgz",
      "integrity": "sha512-saHYOzhIQs6wy2sVxTM6bUDsQO4F50V9RQ22qBpEdCW+I+/Wmke2HOl6lS6dTpdxVhb88/I6+Hs+438c3lfUow==",
      "license": "MIT"
    },
    "node_modules/js-tokens": {
      "version": "4.0.0",
      "license": "MIT",
      "peer": true
    },
    "node_modules/loose-envify": {
      "version": "1.4.0",
      "license": "MIT",
      "peer": true,
      "dependencies": {
        "js-tokens": "^3.0.0 || ^4.0.0"
      },
      "bin": {
        "loose-envify": "cli.js"
      }
    },
    "node_modules/react": {
      "version": "18.3.1",
      "license": "MIT",
      "peer": true,
      "dependencies": {
        "loose-envify": "^1.1.0"
      },
      "engines": {
        "node": ">=0.10.0"
      }
    },
    "node_modules/react-dom": {
      "version": "18.3.1",
      "license": "MIT",
      "peer": true,
      "dependencies": {
        "loose-envify": "^1.1.0",
        "scheduler": "^0.23.2"
      },
      "peerDependencies": {
        "react": "^18.3.1"
      }
    },
    "node_modules/react-tooltip": {
      "version": "5.28.0",
      "resolved": "https://registry.npmjs.org/react-tooltip/-/react-tooltip-5.28.0.tgz",
      "integrity": "sha512-R5cO3JPPXk6FRbBHMO0rI9nkUG/JKfalBSQfZedZYzmqaZQgq7GLzF8vcCWx6IhUCKg0yPqJhXIzmIO5ff15xg==",
      "license": "MIT",
      "dependencies": {
        "@floating-ui/dom": "^1.6.1",
        "classnames": "^2.3.0"
      },
      "peerDependencies": {
        "react": ">=16.14.0",
        "react-dom": ">=16.14.0"
      }
    },
    "node_modules/scheduler": {
      "version": "0.23.2",
      "license": "MIT",
      "peer": true,
      "dependencies": {
        "loose-envify": "^1.1.0"
      }
    }
  }
}
